// !$*UTF8*$!
{
	archiveVersion = 1;
	classes = {
	};
	objectVersion = 77;
	objects = {

/* Begin PBXBuildFile section */
		03AC7FF32D6A153100256F8C /* FirebaseAuth in Frameworks */ = {isa = PBXBuildFile; productRef = 03AC7FF22D6A153100256F8C /* FirebaseAuth */; };
		03AC7FF52D6A153100256F8C /* FirebaseFirestore in Frameworks */ = {isa = PBXBuildFile; productRef = 03AC7FF42D6A153100256F8C /* FirebaseFirestore */; };
/* End PBXBuildFile section */

/* Begin PBXContainerItemProxy section */
		03B4039F2D69EAD400F0AD08 /* PBXContainerItemProxy */ = {
			isa = PBXContainerItemProxy;
			containerPortal = 03B403862D69EAD200F0AD08 /* Project object */;
			proxyType = 1;
			remoteGlobalIDString = 03B4038D2D69EAD200F0AD08;
			remoteInfo = bookshelfapp;
		};
		03B403A92D69EAD400F0AD08 /* PBXContainerItemProxy */ = {
			isa = PBXContainerItemProxy;
			containerPortal = 03B403862D69EAD200F0AD08 /* Project object */;
			proxyType = 1;
			remoteGlobalIDString = 03B4038D2D69EAD200F0AD08;
			remoteInfo = bookshelfapp;
		};
/* End PBXContainerItemProxy section */

/* Begin PBXFileReference section */
		03B4038E2D69EAD200F0AD08 /* bookshelfapp.app */ = {isa = PBXFileReference; explicitFileType = wrapper.application; includeInIndex = 0; path = bookshelfapp.app; sourceTree = BUILT_PRODUCTS_DIR; };
		03B4039E2D69EAD400F0AD08 /* bookshelfappTests.xctest */ = {isa = PBXFileReference; explicitFileType = wrapper.cfbundle; includeInIndex = 0; path = bookshelfappTests.xctest; sourceTree = BUILT_PRODUCTS_DIR; };
		03B403A82D69EAD400F0AD08 /* bookshelfappUITests.xctest */ = {isa = PBXFileReference; explicitFileType = wrapper.cfbundle; includeInIndex = 0; path = bookshelfappUITests.xctest; sourceTree = BUILT_PRODUCTS_DIR; };
/* End PBXFileReference section */

/* Begin PBXFileSystemSynchronizedRootGroup section */
		03B403902D69EAD200F0AD08 /* bookshelfapp */ = {
			isa = PBXFileSystemSynchronizedRootGroup;
			path = bookshelfapp;
			sourceTree = "<group>";
		};
		03B403A12D69EAD400F0AD08 /* bookshelfappTests */ = {
			isa = PBXFileSystemSynchronizedRootGroup;
			path = bookshelfappTests;
			sourceTree = "<group>";
		};
		03B403AB2D69EAD400F0AD08 /* bookshelfappUITests */ = {
			isa = PBXFileSystemSynchronizedRootGroup;
			path = bookshelfappUITests;
			sourceTree = "<group>";
		};
/* End PBXFileSystemSynchronizedRootGroup section */

/* Begin PBXFrameworksBuildPhase section */
		03B4038B2D69EAD200F0AD08 /* Frameworks */ = {
			isa = PBXFrameworksBuildPhase;
			buildActionMask = 2147483647;
			files = (
				03AC7FF32D6A153100256F8C /* FirebaseAuth in Frameworks */,
				03AC7FF52D6A153100256F8C /* FirebaseFirestore in Frameworks */,
			);
			runOnlyForDeploymentPostprocessing = 0;
		};
		03B4039B2D69EAD400F0AD08 /* Frameworks */ = {
			isa = PBXFrameworksBuildPhase;
			buildActionMask = 2147483647;
			files = (
			);
			runOnlyForDeploymentPostprocessing = 0;
		};
		03B403A52D69EAD400F0AD08 /* Frameworks */ = {
			isa = PBXFrameworksBuildPhase;
			buildActionMask = 2147483647;
			files = (
			);
			runOnlyForDeploymentPostprocessing = 0;
		};
/* End PBXFrameworksBuildPhase section */

/* Begin PBXGroup section */
		03B403852D69EAD200F0AD08 = {
			isa = PBXGroup;
			children = (
				03B403902D69EAD200F0AD08 /* bookshelfapp */,
				03B403A12D69EAD400F0AD08 /* bookshelfappTests */,
				03B403AB2D69EAD400F0AD08 /* bookshelfappUITests */,
				03B4038F2D69EAD200F0AD08 /* Products */,
			);
			sourceTree = "<group>";
		};
		03B4038F2D69EAD200F0AD08 /* Products */ = {
			isa = PBXGroup;
			children = (
				03B4038E2D69EAD200F0AD08 /* bookshelfapp.app */,
				03B4039E2D69EAD400F0AD08 /* bookshelfappTests.xctest */,
				03B403A82D69EAD400F0AD08 /* bookshelfappUITests.xctest */,
			);
			name = Products;
			sourceTree = "<group>";
		};
/* End PBXGroup section */

/* Begin PBXNativeTarget section */
		03B4038D2D69EAD200F0AD08 /* bookshelfapp */ = {
			isa = PBXNativeTarget;
			buildConfigurationList = 03B403B22D69EAD400F0AD08 /* Build configuration list for PBXNativeTarget "bookshelfapp" */;
			buildPhases = (
				03B4038A2D69EAD200F0AD08 /* Sources */,
				03B4038B2D69EAD200F0AD08 /* Frameworks */,
				03B4038C2D69EAD200F0AD08 /* Resources */,
			);
			buildRules = (
			);
			dependencies = (
			);
			fileSystemSynchronizedGroups = (
				03B403902D69EAD200F0AD08 /* bookshelfapp */,
			);
			name = bookshelfapp;
			packageProductDependencies = (
				03AC7FF22D6A153100256F8C /* FirebaseAuth */,
				03AC7FF42D6A153100256F8C /* FirebaseFirestore */,
			);
			productName = bookshelfapp;
			productReference = 03B4038E2D69EAD200F0AD08 /* bookshelfapp.app */;
			productType = "com.apple.product-type.application";
		};
		03B4039D2D69EAD400F0AD08 /* bookshelfappTests */ = {
			isa = PBXNativeTarget;
			buildConfigurationList = 03B403B52D69EAD400F0AD08 /* Build configuration list for PBXNativeTarget "bookshelfappTests" */;
			buildPhases = (
				03B4039A2D69EAD400F0AD08 /* Sources */,
				03B4039B2D69EAD400F0AD08 /* Frameworks */,
				03B4039C2D69EAD400F0AD08 /* Resources */,
			);
			buildRules = (
			);
			dependencies = (
				03B403A02D69EAD400F0AD08 /* PBXTargetDependency */,
			);
			fileSystemSynchronizedGroups = (
				03B403A12D69EAD400F0AD08 /* bookshelfappTests */,
			);
			name = bookshelfappTests;
			packageProductDependencies = (
			);
			productName = bookshelfappTests;
			productReference = 03B4039E2D69EAD400F0AD08 /* bookshelfappTests.xctest */;
			productType = "com.apple.product-type.bundle.unit-test";
		};
		03B403A72D69EAD400F0AD08 /* bookshelfappUITests */ = {
			isa = PBXNativeTarget;
			buildConfigurationList = 03B403B82D69EAD400F0AD08 /* Build configuration list for PBXNativeTarget "bookshelfappUITests" */;
			buildPhases = (
				03B403A42D69EAD400F0AD08 /* Sources */,
				03B403A52D69EAD400F0AD08 /* Frameworks */,
				03B403A62D69EAD400F0AD08 /* Resources */,
			);
			buildRules = (
			);
			dependencies = (
				03B403AA2D69EAD400F0AD08 /* PBXTargetDependency */,
			);
			fileSystemSynchronizedGroups = (
				03B403AB2D69EAD400F0AD08 /* bookshelfappUITests */,
			);
			name = bookshelfappUITests;
			packageProductDependencies = (
			);
			productName = bookshelfappUITests;
			productReference = 03B403A82D69EAD400F0AD08 /* bookshelfappUITests.xctest */;
			productType = "com.apple.product-type.bundle.ui-testing";
		};
/* End PBXNativeTarget section */

/* Begin PBXProject section */
		03B403862D69EAD200F0AD08 /* Project object */ = {
			isa = PBXProject;
			attributes = {
				BuildIndependentTargetsInParallel = 1;
				LastSwiftUpdateCheck = 1620;
				LastUpgradeCheck = 1620;
				TargetAttributes = {
					03B4038D2D69EAD200F0AD08 = {
						CreatedOnToolsVersion = 16.2;
					};
					03B4039D2D69EAD400F0AD08 = {
						CreatedOnToolsVersion = 16.2;
						TestTargetID = 03B4038D2D69EAD200F0AD08;
					};
					03B403A72D69EAD400F0AD08 = {
						CreatedOnToolsVersion = 16.2;
						TestTargetID = 03B4038D2D69EAD200F0AD08;
					};
				};
			};
			buildConfigurationList = 03B403892D69EAD200F0AD08 /* Build configuration list for PBXProject "bookshelfapp" */;
			developmentRegion = en;
			hasScannedForEncodings = 0;
			knownRegions = (
				en,
				Base,
			);
			mainGroup = 03B403852D69EAD200F0AD08;
			minimizedProjectReferenceProxies = 1;
			packageReferences = (
				03AC7FF12D6A153100256F8C /* XCRemoteSwiftPackageReference "firebase-ios-sdk" */,
			);
			preferredProjectObjectVersion = 77;
			productRefGroup = 03B4038F2D69EAD200F0AD08 /* Products */;
			projectDirPath = "";
			projectRoot = "";
			targets = (
				03B4038D2D69EAD200F0AD08 /* bookshelfapp */,
				03B4039D2D69EAD400F0AD08 /* bookshelfappTests */,
				03B403A72D69EAD400F0AD08 /* bookshelfappUITests */,
			);
		};
/* End PBXProject section */

/* Begin PBXResourcesBuildPhase section */
		03B4038C2D69EAD200F0AD08 /* Resources */ = {
			isa = PBXResourcesBuildPhase;
			buildActionMask = 2147483647;
			files = (
			);
			runOnlyForDeploymentPostprocessing = 0;
		};
		03B4039C2D69EAD400F0AD08 /* Resources */ = {
			isa = PBXResourcesBuildPhase;
			buildActionMask = 2147483647;
			files = (
			);
			runOnlyForDeploymentPostprocessing = 0;
		};
		03B403A62D69EAD400F0AD08 /* Resources */ = {
			isa = PBXResourcesBuildPhase;
			buildActionMask = 2147483647;
			files = (
			);
			runOnlyForDeploymentPostprocessing = 0;
		};
/* End PBXResourcesBuildPhase section */

/* Begin PBXSourcesBuildPhase section */
		03B4038A2D69EAD200F0AD08 /* Sources */ = {
			isa = PBXSourcesBuildPhase;
			buildActionMask = 2147483647;
			files = (
			);
			runOnlyForDeploymentPostprocessing = 0;
		};
		03B4039A2D69EAD400F0AD08 /* Sources */ = {
			isa = PBXSourcesBuildPhase;
			buildActionMask = 2147483647;
			files = (
			);
			runOnlyForDeploymentPostprocessing = 0;
		};
		03B403A42D69EAD400F0AD08 /* Sources */ = {
			isa = PBXSourcesBuildPhase;
			buildActionMask = 2147483647;
			files = (
			);
			runOnlyForDeploymentPostprocessing = 0;
		};
/* End PBXSourcesBuildPhase section */

/* Begin PBXTargetDependency section */
		03B403A02D69EAD400F0AD08 /* PBXTargetDependency */ = {
			isa = PBXTargetDependency;
			target = 03B4038D2D69EAD200F0AD08 /* bookshelfapp */;
			targetProxy = 03B4039F2D69EAD400F0AD08 /* PBXContainerItemProxy */;
		};
		03B403AA2D69EAD400F0AD08 /* PBXTargetDependency */ = {
			isa = PBXTargetDependency;
			target = 03B4038D2D69EAD200F0AD08 /* bookshelfapp */;
			targetProxy = 03B403A92D69EAD400F0AD08 /* PBXContainerItemProxy */;
		};
/* End PBXTargetDependency section */

/* Begin XCBuildConfiguration section */
		03B403B02D69EAD400F0AD08 /* Debug */ = {
			isa = XCBuildConfiguration;
			buildSettings = {
				ALWAYS_SEARCH_USER_PATHS = NO;
				ASSETCATALOG_COMPILER_GENERATE_SWIFT_ASSET_SYMBOL_EXTENSIONS = YES;
				CLANG_ANALYZER_NONNULL = YES;
				CLANG_ANALYZER_NUMBER_OBJECT_CONVERSION = YES_AGGRESSIVE;
				CLANG_CXX_LANGUAGE_STANDARD = "gnu++20";
				CLANG_ENABLE_MODULES = YES;
				CLANG_ENABLE_OBJC_ARC = YES;
				CLANG_ENABLE_OBJC_WEAK = YES;
				CLANG_WARN_BLOCK_CAPTURE_AUTORELEASING = YES;
				CLANG_WARN_BOOL_CONVERSION = YES;
				CLANG_WARN_COMMA = YES;
				CLANG_WARN_CONSTANT_CONVERSION = YES;
				CLANG_WARN_DEPRECATED_OBJC_IMPLEMENTATIONS = YES;
				CLANG_WARN_DIRECT_OBJC_ISA_USAGE = YES_ERROR;
				CLANG_WARN_DOCUMENTATION_COMMENTS = YES;
				CLANG_WARN_EMPTY_BODY = YES;
				CLANG_WARN_ENUM_CONVERSION = YES;
				CLANG_WARN_INFINITE_RECURSION = YES;
				CLANG_WARN_INT_CONVERSION = YES;
				CLANG_WARN_NON_LITERAL_NULL_CONVERSION = YES;
				CLANG_WARN_OBJC_IMPLICIT_RETAIN_SELF = YES;
				CLANG_WARN_OBJC_LITERAL_CONVERSION = YES;
				CLANG_WARN_OBJC_ROOT_CLASS = YES_ERROR;
				CLANG_WARN_QUOTED_INCLUDE_IN_FRAMEWORK_HEADER = YES;
				CLANG_WARN_RANGE_LOOP_ANALYSIS = YES;
				CLANG_WARN_STRICT_PROTOTYPES = YES;
				CLANG_WARN_SUSPICIOUS_MOVE = YES;
				CLANG_WARN_UNGUARDED_AVAILABILITY = YES_AGGRESSIVE;
				CLANG_WARN_UNREACHABLE_CODE = YES;
				CLANG_WARN__DUPLICATE_METHOD_MATCH = YES;
				COPY_PHASE_STRIP = NO;
				DEBUG_INFORMATION_FORMAT = dwarf;
				ENABLE_STRICT_OBJC_MSGSEND = YES;
				ENABLE_TESTABILITY = YES;
				ENABLE_USER_SCRIPT_SANDBOXING = YES;
				GCC_C_LANGUAGE_STANDARD = gnu17;
				GCC_DYNAMIC_NO_PIC = NO;
				GCC_NO_COMMON_BLOCKS = YES;
				GCC_OPTIMIZATION_LEVEL = 0;
				GCC_PREPROCESSOR_DEFINITIONS = (
					"DEBUG=1",
					"$(inherited)",
				);
				GCC_WARN_64_TO_32_BIT_CONVERSION = YES;
				GCC_WARN_ABOUT_RETURN_TYPE = YES_ERROR;
				GCC_WARN_UNDECLARED_SELECTOR = YES;
				GCC_WARN_UNINITIALIZED_AUTOS = YES_AGGRESSIVE;
				GCC_WARN_UNUSED_FUNCTION = YES;
				GCC_WARN_UNUSED_VARIABLE = YES;
				IPHONEOS_DEPLOYMENT_TARGET = 18.2;
				LOCALIZATION_PREFERS_STRING_CATALOGS = YES;
				MTL_ENABLE_DEBUG_INFO = INCLUDE_SOURCE;
				MTL_FAST_MATH = YES;
				ONLY_ACTIVE_ARCH = YES;
				SDKROOT = iphoneos;
				SWIFT_ACTIVE_COMPILATION_CONDITIONS = "DEBUG $(inherited)";
				SWIFT_OPTIMIZATION_LEVEL = "-Onone";
			};
			name = Debug;
		};
		03B403B12D69EAD400F0AD08 /* Release */ = {
			isa = XCBuildConfiguration;
			buildSettings = {
				ALWAYS_SEARCH_USER_PATHS = NO;
				ASSETCATALOG_COMPILER_GENERATE_SWIFT_ASSET_SYMBOL_EXTENSIONS = YES;
				CLANG_ANALYZER_NONNULL = YES;
				CLANG_ANALYZER_NUMBER_OBJECT_CONVERSION = YES_AGGRESSIVE;
				CLANG_CXX_LANGUAGE_STANDARD = "gnu++20";
				CLANG_ENABLE_MODULES = YES;
				CLANG_ENABLE_OBJC_ARC = YES;
				CLANG_ENABLE_OBJC_WEAK = YES;
				CLANG_WARN_BLOCK_CAPTURE_AUTORELEASING = YES;
				CLANG_WARN_BOOL_CONVERSION = YES;
				CLANG_WARN_COMMA = YES;
				CLANG_WARN_CONSTANT_CONVERSION = YES;
				CLANG_WARN_DEPRECATED_OBJC_IMPLEMENTATIONS = YES;
				CLANG_WARN_DIRECT_OBJC_ISA_USAGE = YES_ERROR;
				CLANG_WARN_DOCUMENTATION_COMMENTS = YES;
				CLANG_WARN_EMPTY_BODY = YES;
				CLANG_WARN_ENUM_CONVERSION = YES;
				CLANG_WARN_INFINITE_RECURSION = YES;
				CLANG_WARN_INT_CONVERSION = YES;
				CLANG_WARN_NON_LITERAL_NULL_CONVERSION = YES;
				CLANG_WARN_OBJC_IMPLICIT_RETAIN_SELF = YES;
				CLANG_WARN_OBJC_LITERAL_CONVERSION = YES;
				CLANG_WARN_OBJC_ROOT_CLASS = YES_ERROR;
				CLANG_WARN_QUOTED_INCLUDE_IN_FRAMEWORK_HEADER = YES;
				CLANG_WARN_RANGE_LOOP_ANALYSIS = YES;
				CLANG_WARN_STRICT_PROTOTYPES = YES;
				CLANG_WARN_SUSPICIOUS_MOVE = YES;
				CLANG_WARN_UNGUARDED_AVAILABILITY = YES_AGGRESSIVE;
				CLANG_WARN_UNREACHABLE_CODE = YES;
				CLANG_WARN__DUPLICATE_METHOD_MATCH = YES;
				COPY_PHASE_STRIP = NO;
				DEBUG_INFORMATION_FORMAT = "dwarf-with-dsym";
				ENABLE_NS_ASSERTIONS = NO;
				ENABLE_STRICT_OBJC_MSGSEND = YES;
				ENABLE_USER_SCRIPT_SANDBOXING = YES;
				GCC_C_LANGUAGE_STANDARD = gnu17;
				GCC_NO_COMMON_BLOCKS = YES;
				GCC_WARN_64_TO_32_BIT_CONVERSION = YES;
				GCC_WARN_ABOUT_RETURN_TYPE = YES_ERROR;
				GCC_WARN_UNDECLARED_SELECTOR = YES;
				GCC_WARN_UNINITIALIZED_AUTOS = YES_AGGRESSIVE;
				GCC_WARN_UNUSED_FUNCTION = YES;
				GCC_WARN_UNUSED_VARIABLE = YES;
				IPHONEOS_DEPLOYMENT_TARGET = 18.2;
				LOCALIZATION_PREFERS_STRING_CATALOGS = YES;
				MTL_ENABLE_DEBUG_INFO = NO;
				MTL_FAST_MATH = YES;
				SDKROOT = iphoneos;
				SWIFT_COMPILATION_MODE = wholemodule;
				VALIDATE_PRODUCT = YES;
			};
			name = Release;
		};
		03B403B32D69EAD400F0AD08 /* Debug */ = {
			isa = XCBuildConfiguration;
			buildSettings = {
				ASSETCATALOG_COMPILER_APPICON_NAME = AppIcon;
				ASSETCATALOG_COMPILER_GLOBAL_ACCENT_COLOR_NAME = AccentColor;
				CODE_SIGN_STYLE = Automatic;
				CURRENT_PROJECT_VERSION = 1;
				DEVELOPMENT_ASSET_PATHS = "\"bookshelfapp/Preview Content\"";
				DEVELOPMENT_TEAM = 5NK96W3H6P;
				ENABLE_PREVIEWS = YES;
				GENERATE_INFOPLIST_FILE = YES;
				INFOPLIST_KEY_UIApplicationSceneManifest_Generation = YES;
				INFOPLIST_KEY_UIApplicationSupportsIndirectInputEvents = YES;
				INFOPLIST_KEY_UILaunchScreen_Generation = YES;
				INFOPLIST_KEY_UISupportedInterfaceOrientations_iPad = "UIInterfaceOrientationPortrait UIInterfaceOrientationPortraitUpsideDown UIInterfaceOrientationLandscapeLeft UIInterfaceOrientationLandscapeRight";
				INFOPLIST_KEY_UISupportedInterfaceOrientations_iPhone = "UIInterfaceOrientationPortrait UIInterfaceOrientationLandscapeLeft UIInterfaceOrientationLandscapeRight";
				LD_RUNPATH_SEARCH_PATHS = (
					"$(inherited)",
					"@executable_path/Frameworks",
				);
				MARKETING_VERSION = 1.0;
				PRODUCT_BUNDLE_IDENTIFIER = com.joshuarueck.bookshelfapp;
				PRODUCT_NAME = "$(TARGET_NAME)";
				SWIFT_EMIT_LOC_STRINGS = YES;
				SWIFT_VERSION = 5.0;
				TARGETED_DEVICE_FAMILY = "1,2";
			};
			name = Debug;
		};
		03B403B42D69EAD400F0AD08 /* Release */ = {
			isa = XCBuildConfiguration;
			buildSettings = {
				ASSETCATALOG_COMPILER_APPICON_NAME = AppIcon;
				ASSETCATALOG_COMPILER_GLOBAL_ACCENT_COLOR_NAME = AccentColor;
				CODE_SIGN_STYLE = Automatic;
				CURRENT_PROJECT_VERSION = 1;
				DEVELOPMENT_ASSET_PATHS = "\"bookshelfapp/Preview Content\"";
				DEVELOPMENT_TEAM = 5NK96W3H6P;
				ENABLE_PREVIEWS = YES;
				GENERATE_INFOPLIST_FILE = YES;
				INFOPLIST_KEY_UIApplicationSceneManifest_Generation = YES;
				INFOPLIST_KEY_UIApplicationSupportsIndirectInputEvents = YES;
				INFOPLIST_KEY_UILaunchScreen_Generation = YES;
				INFOPLIST_KEY_UISupportedInterfaceOrientations_iPad = "UIInterfaceOrientationPortrait UIInterfaceOrientationPortraitUpsideDown UIInterfaceOrientationLandscapeLeft UIInterfaceOrientationLandscapeRight";
				INFOPLIST_KEY_UISupportedInterfaceOrientations_iPhone = "UIInterfaceOrientationPortrait UIInterfaceOrientationLandscapeLeft UIInterfaceOrientationLandscapeRight";
				LD_RUNPATH_SEARCH_PATHS = (
					"$(inherited)",
					"@executable_path/Frameworks",
				);
				MARKETING_VERSION = 1.0;
				PRODUCT_BUNDLE_IDENTIFIER = com.joshuarueck.bookshelfapp;
				PRODUCT_NAME = "$(TARGET_NAME)";
				SWIFT_EMIT_LOC_STRINGS = YES;
				SWIFT_VERSION = 5.0;
				TARGETED_DEVICE_FAMILY = "1,2";
			};
			name = Release;
		};
		03B403B62D69EAD400F0AD08 /* Debug */ = {
			isa = XCBuildConfiguration;
			buildSettings = {
				BUNDLE_LOADER = "$(TEST_HOST)";
				CODE_SIGN_STYLE = Automatic;
				CURRENT_PROJECT_VERSION = 1;
				DEVELOPMENT_TEAM = 5NK96W3H6P;
				GENERATE_INFOPLIST_FILE = YES;
				IPHONEOS_DEPLOYMENT_TARGET = 18.2;
				MARKETING_VERSION = 1.0;
				PRODUCT_BUNDLE_IDENTIFIER = com.joshuarueck.bookshelfappTests;
				PRODUCT_NAME = "$(TARGET_NAME)";
				SWIFT_EMIT_LOC_STRINGS = NO;
				SWIFT_VERSION = 5.0;
				TARGETED_DEVICE_FAMILY = "1,2";
				TEST_HOST = "$(BUILT_PRODUCTS_DIR)/bookshelfapp.app/$(BUNDLE_EXECUTABLE_FOLDER_PATH)/bookshelfapp";
			};
			name = Debug;
		};
		03B403B72D69EAD400F0AD08 /* Release */ = {
			isa = XCBuildConfiguration;
			buildSettings = {
				BUNDLE_LOADER = "$(TEST_HOST)";
				CODE_SIGN_STYLE = Automatic;
				CURRENT_PROJECT_VERSION = 1;
				DEVELOPMENT_TEAM = 5NK96W3H6P;
				GENERATE_INFOPLIST_FILE = YES;
				IPHONEOS_DEPLOYMENT_TARGET = 18.2;
				MARKETING_VERSION = 1.0;
				PRODUCT_BUNDLE_IDENTIFIER = com.joshuarueck.bookshelfappTests;
				PRODUCT_NAME = "$(TARGET_NAME)";
				SWIFT_EMIT_LOC_STRINGS = NO;
				SWIFT_VERSION = 5.0;
				TARGETED_DEVICE_FAMILY = "1,2";
				TEST_HOST = "$(BUILT_PRODUCTS_DIR)/bookshelfapp.app/$(BUNDLE_EXECUTABLE_FOLDER_PATH)/bookshelfapp";
			};
			name = Release;
		};
		03B403B92D69EAD400F0AD08 /* Debug */ = {
			isa = XCBuildConfiguration;
			buildSettings = {
				CODE_SIGN_STYLE = Automatic;
				CURRENT_PROJECT_VERSION = 1;
				DEVELOPMENT_TEAM = 5NK96W3H6P;
				GENERATE_INFOPLIST_FILE = YES;
				MARKETING_VERSION = 1.0;
				PRODUCT_BUNDLE_IDENTIFIER = com.joshuarueck.bookshelfappUITests;
				PRODUCT_NAME = "$(TARGET_NAME)";
				SWIFT_EMIT_LOC_STRINGS = NO;
				SWIFT_VERSION = 5.0;
				TARGETED_DEVICE_FAMILY = "1,2";
				TEST_TARGET_NAME = bookshelfapp;
			};
			name = Debug;
		};
		03B403BA2D69EAD400F0AD08 /* Release */ = {
			isa = XCBuildConfiguration;
			buildSettings = {
				CODE_SIGN_STYLE = Automatic;
				CURRENT_PROJECT_VERSION = 1;
				DEVELOPMENT_TEAM = 5NK96W3H6P;
				GENERATE_INFOPLIST_FILE = YES;
				MARKETING_VERSION = 1.0;
				PRODUCT_BUNDLE_IDENTIFIER = com.joshuarueck.bookshelfappUITests;
				PRODUCT_NAME = "$(TARGET_NAME)";
				SWIFT_EMIT_LOC_STRINGS = NO;
				SWIFT_VERSION = 5.0;
				TARGETED_DEVICE_FAMILY = "1,2";
				TEST_TARGET_NAME = bookshelfapp;
			};
			name = Release;
		};
/* End XCBuildConfiguration section */

/* Begin XCConfigurationList section */
		03B403892D69EAD200F0AD08 /* Build configuration list for PBXProject "bookshelfapp" */ = {
			isa = XCConfigurationList;
			buildConfigurations = (
				03B403B02D69EAD400F0AD08 /* Debug */,
				03B403B12D69EAD400F0AD08 /* Release */,
			);
			defaultConfigurationIsVisible = 0;
			defaultConfigurationName = Release;
		};
		03B403B22D69EAD400F0AD08 /* Build configuration list for PBXNativeTarget "bookshelfapp" */ = {
			isa = XCConfigurationList;
			buildConfigurations = (
				03B403B32D69EAD400F0AD08 /* Debug */,
				03B403B42D69EAD400F0AD08 /* Release */,
			);
			defaultConfigurationIsVisible = 0;
			defaultConfigurationName = Release;
		};
		03B403B52D69EAD400F0AD08 /* Build configuration list for PBXNativeTarget "bookshelfappTests" */ = {
			isa = XCConfigurationList;
			buildConfigurations = (
				03B403B62D69EAD400F0AD08 /* Debug */,
				03B403B72D69EAD400F0AD08 /* Release */,
			);
			defaultConfigurationIsVisible = 0;
			defaultConfigurationName = Release;
		};
		03B403B82D69EAD400F0AD08 /* Build configuration list for PBXNativeTarget "bookshelfappUITests" */ = {
			isa = XCConfigurationList;
			buildConfigurations = (
				03B403B92D69EAD400F0AD08 /* Debug */,
				03B403BA2D69EAD400F0AD08 /* Release */,
			);
			defaultConfigurationIsVisible = 0;
			defaultConfigurationName = Release;
		};
/* End XCConfigurationList section */

/* Begin XCRemoteSwiftPackageReference section */
		03AC7FF12D6A153100256F8C /* XCRemoteSwiftPackageReference "firebase-ios-sdk" */ = {
			isa = XCRemoteSwiftPackageReference;
			repositoryURL = "https://github.com/firebase/firebase-ios-sdk.git";
			requirement = {
				kind = upToNextMajorVersion;
				minimumVersion = 11.8.1;
			};
		};
/* End XCRemoteSwiftPackageReference section */

/* Begin XCSwiftPackageProductDependency section */
		03AC7FF22D6A153100256F8C /* FirebaseAuth */ = {
			isa = XCSwiftPackageProductDependency;
			package = 03AC7FF12D6A153100256F8C /* XCRemoteSwiftPackageReference "firebase-ios-sdk" */;
			productName = FirebaseAuth;
		};
		03AC7FF42D6A153100256F8C /* FirebaseFirestore */ = {
			isa = XCSwiftPackageProductDependency;
			package = 03AC7FF12D6A153100256F8C /* XCRemoteSwiftPackageReference "firebase-ios-sdk" */;
			productName = FirebaseFirestore;
		};
/* End XCSwiftPackageProductDependency section */
	};
	rootObject = 03B403862D69EAD200F0AD08 /* Project object */;
}
